
Microsoft Visual Studio Solution File, Format Version 12.00
# Visual Studio Version 17
VisualStudioVersion = 17.14.36408.4 d17.14
MinimumVisualStudioVersion = 10.0.40219.1
Project("{FAE04EC0-301F-11D3-BF4B-00C04F79EFBC}") = "Tarea2_CRUDAPI", "Tarea2_CRUDAPI.csproj", "{9BEB1517-E3B4-4CEA-8990-EF5E99771D44}"
EndProject
Global
	GlobalSection(SolutionConfigurationPlatforms) = preSolution
		Debug|Any CPU = Debug|Any CPU
		Release|Any CPU = Release|Any CPU
	EndGlobalSection
	GlobalSection(ProjectConfigurationPlatforms) = postSolution
		{9BEB1517-E3B4-4CEA-8990-EF5E99771D44}.Debug|Any CPU.ActiveCfg = Debug|Any CPU
		{9BEB1517-E3B4-4CEA-8990-EF5E99771D44}.Debug|Any CPU.Build.0 = Debug|Any CPU
		{9BEB1517-E3B4-4CEA-8990-EF5E99771D44}.Release|Any CPU.ActiveCfg = Release|Any CPU
		{9BEB1517-E3B4-4CEA-8990-EF5E99771D44}.Release|Any CPU.Build.0 = Release|Any CPU
	EndGlobalSection
	GlobalSection(SolutionProperties) = preSolution
		HideSolutionNode = FALSE
	EndGlobalSection
	GlobalSection(ExtensibilityGlobals) = postSolution
		SolutionGuid = {75C13300-A29A-45B6-9847-D80ABD4FA613}
	EndGlobalSection
EndGlobal
